
Microsoft Visual Studio Solution File, Format Version 12.00
# Visual Studio Version 17
VisualStudioVersion = 17.11.35327.3
MinimumVisualStudioVersion = 10.0.40219.1
Project("{9A19103F-16F7-4668-BE54-9A1E7A4F7556}") = "Nostromo.Server", "Nostromo.Server\Nostromo.Server.csproj", "{95E67F20-1690-4E81-B375-56185A839358}"
EndProject
Project("{9A19103F-16F7-4668-BE54-9A1E7A4F7556}") = "Nostromo.CLI", "Nostromo.CLI\Nostromo.CLI.csproj", "{5779098F-D2CF-4911-97DC-563ADD4216B6}"
EndProject
Project("{2150E333-8FDC-42A3-9474-1A3956D46DE8}") = "Solution Items", "Solution Items", "{129A7087-59AB-4D69-9173-43987432CF15}"
	ProjectSection(SolutionItems) = preProject
		Dockerfile = Dockerfile
	EndProjectSection
EndProject
Project("{2150E333-8FDC-42A3-9474-1A3956D46DE8}") = "x64", "x64", "{14F8D604-B8BA-4EFD-8FC2-C3AC33DAC419}"
	ProjectSection(SolutionItems) = preProject
		Dependencies\x64\libcurl.dll = Dependencies\x64\libcurl.dll
		Dependencies\x64\librhash.dll = Dependencies\x64\librhash.dll
	EndProjectSection
EndProject
Project("{2150E333-8FDC-42A3-9474-1A3956D46DE8}") = "x86", "x86", "{014C0A52-DF7F-4556-9B43-936A36B3B5D1}"
	ProjectSection(SolutionItems) = preProject
		Dependencies\x86\libcurl.dll = Dependencies\x86\libcurl.dll
		Dependencies\x86\librhash.dll = Dependencies\x86\librhash.dll
	EndProjectSection
EndProject
Project("{FAE04EC0-301F-11D3-BF4B-00C04F79EFBC}") = "Nostromo.TrayService", "Nostromo.TrayService\Nostromo.TrayService.csproj", "{19DA409C-7CA1-43FB-A132-8BEE98ADFD8D}"
EndProject
Global
	GlobalSection(SolutionConfigurationPlatforms) = preSolution
		Debug|Any CPU = Debug|Any CPU
		Release|Any CPU = Release|Any CPU
	EndGlobalSection
	GlobalSection(ProjectConfigurationPlatforms) = postSolution
		{95E67F20-1690-4E81-B375-56185A839358}.Debug|Any CPU.ActiveCfg = Debug|Any CPU
		{95E67F20-1690-4E81-B375-56185A839358}.Debug|Any CPU.Build.0 = Debug|Any CPU
		{95E67F20-1690-4E81-B375-56185A839358}.Release|Any CPU.ActiveCfg = Release|Any CPU
		{95E67F20-1690-4E81-B375-56185A839358}.Release|Any CPU.Build.0 = Release|Any CPU
		{5779098F-D2CF-4911-97DC-563ADD4216B6}.Debug|Any CPU.ActiveCfg = Debug|Any CPU
		{5779098F-D2CF-4911-97DC-563ADD4216B6}.Debug|Any CPU.Build.0 = Debug|Any CPU
		{5779098F-D2CF-4911-97DC-563ADD4216B6}.Release|Any CPU.ActiveCfg = Release|Any CPU
		{5779098F-D2CF-4911-97DC-563ADD4216B6}.Release|Any CPU.Build.0 = Release|Any CPU
		{19DA409C-7CA1-43FB-A132-8BEE98ADFD8D}.Debug|Any CPU.ActiveCfg = Debug|Any CPU
		{19DA409C-7CA1-43FB-A132-8BEE98ADFD8D}.Debug|Any CPU.Build.0 = Debug|Any CPU
		{19DA409C-7CA1-43FB-A132-8BEE98ADFD8D}.Release|Any CPU.ActiveCfg = Release|Any CPU
		{19DA409C-7CA1-43FB-A132-8BEE98ADFD8D}.Release|Any CPU.Build.0 = Release|Any CPU
	EndGlobalSection
	GlobalSection(SolutionProperties) = preSolution
		HideSolutionNode = FALSE
	EndGlobalSection
	GlobalSection(NestedProjects) = preSolution
		{14F8D604-B8BA-4EFD-8FC2-C3AC33DAC419} = {129A7087-59AB-4D69-9173-43987432CF15}
		{014C0A52-DF7F-4556-9B43-936A36B3B5D1} = {129A7087-59AB-4D69-9173-43987432CF15}
	EndGlobalSection
	GlobalSection(ExtensibilityGlobals) = postSolution
		SolutionGuid = {4AF4C31D-13E2-44BF-AE67-4E22E7C09E6E}
	EndGlobalSection
EndGlobal
